
Microsoft Visual Studio Solution File, Format Version 12.00
# Visual Studio Version 17
VisualStudioVersion = 17.6.33829.357
MinimumVisualStudioVersion = 10.0.40219.1
Project("{FAE04EC0-301F-11D3-BF4B-00C04F79EFBC}") = "FilmesAPI", "FilmesAPI\FilmesAPI.csproj", "{B3BCF983-6309-49E7-997A-827F79FCE25F}"
EndProject
Global
	GlobalSection(SolutionConfigurationPlatforms) = preSolution
		Debug|Any CPU = Debug|Any CPU
		Release|Any CPU = Release|Any CPU
	EndGlobalSection
	GlobalSection(ProjectConfigurationPlatforms) = postSolution
		{B3BCF983-6309-49E7-997A-827F79FCE25F}.Debug|Any CPU.ActiveCfg = Debug|Any CPU
		{B3BCF983-6309-49E7-997A-827F79FCE25F}.Debug|Any CPU.Build.0 = Debug|Any CPU
		{B3BCF983-6309-49E7-997A-827F79FCE25F}.Release|Any CPU.ActiveCfg = Release|Any CPU
		{B3BCF983-6309-49E7-997A-827F79FCE25F}.Release|Any CPU.Build.0 = Release|Any CPU
	EndGlobalSection
	GlobalSection(SolutionProperties) = preSolution
		HideSolutionNode = FALSE
	EndGlobalSection
	GlobalSection(ExtensibilityGlobals) = postSolution
		SolutionGuid = {1381D952-1893-4684-9C7F-3D8AE189C9FF}
	EndGlobalSection
EndGlobal
